{
  "pins" : [
    {
      "identity" : "swift-syntax",
      "kind" : "remoteSourceControl",
      "location" : "https://github.com/apple/swift-syntax.git",
      "state" : {
        "revision" : "6ad4ea24b01559dde0773e3d091f1b9e36175036",
        "version" : "509.0.2"
      }
    },
    {
      "identity" : "viewinspector",
      "kind" : "remoteSourceControl",
      "location" : "https://github.com/nalexn/ViewInspector.git",
      "state" : {
        "revision" : "07c090d73e0169c342a4ed46e9010be2781eca1e",
        "version" : "0.9.8"
      }
    },
    {
      "identity" : "viewmodelify-swift",
      "kind" : "remoteSourceControl",
      "location" : "https://github.com/sisoje/viewmodelify-swift.git",
      "state" : {
        "revision" : "9c48181e6c6d35f704f1a2a48e29ac8e0eeb4dc6",
        "version" : "1.0.2"
      }
    }
  ],
  "version" : 2
}
